
Microsoft Visual Studio Solution File, Format Version 12.00
# Visual Studio Version 16
VisualStudioVersion = 16.0.31410.357
MinimumVisualStudioVersion = 10.0.40219.1
Project("{9A19103F-16F7-4668-BE54-9A1E7A4F7556}") = "Ferb.Template", "Ferb.Template\Ferb.Template.csproj", "{93E2476F-06EA-4784-817D-5C53FDE07358}"
EndProject
Project("{2150E333-8FDC-42A3-9474-1A3956D46DE8}") = "Solution Items", "Solution Items", "{0608B0ED-5FC8-424F-9DB4-C01676929CFA}"
	ProjectSection(SolutionItems) = preProject
		.editorconfig = .editorconfig
		LICENSE.txt = LICENSE.txt
		README.md = README.md
	EndProjectSection
EndProject
Project("{9A19103F-16F7-4668-BE54-9A1E7A4F7556}") = "TestProject1", "TestProject1\TestProject1.csproj", "{4FCFF30B-E823-4AB3-BA5F-5C1666671997}"
EndProject
Global
	GlobalSection(SolutionConfigurationPlatforms) = preSolution
		Debug|Any CPU = Debug|Any CPU
		Release|Any CPU = Release|Any CPU
	EndGlobalSection
	GlobalSection(ProjectConfigurationPlatforms) = postSolution
		{93E2476F-06EA-4784-817D-5C53FDE07358}.Debug|Any CPU.ActiveCfg = Debug|Any CPU
		{93E2476F-06EA-4784-817D-5C53FDE07358}.Debug|Any CPU.Build.0 = Debug|Any CPU
		{93E2476F-06EA-4784-817D-5C53FDE07358}.Release|Any CPU.ActiveCfg = Release|Any CPU
		{93E2476F-06EA-4784-817D-5C53FDE07358}.Release|Any CPU.Build.0 = Release|Any CPU
		{4FCFF30B-E823-4AB3-BA5F-5C1666671997}.Debug|Any CPU.ActiveCfg = Debug|Any CPU
		{4FCFF30B-E823-4AB3-BA5F-5C1666671997}.Debug|Any CPU.Build.0 = Debug|Any CPU
		{4FCFF30B-E823-4AB3-BA5F-5C1666671997}.Release|Any CPU.ActiveCfg = Release|Any CPU
		{4FCFF30B-E823-4AB3-BA5F-5C1666671997}.Release|Any CPU.Build.0 = Release|Any CPU
	EndGlobalSection
	GlobalSection(SolutionProperties) = preSolution
		HideSolutionNode = FALSE
	EndGlobalSection
	GlobalSection(ExtensibilityGlobals) = postSolution
		SolutionGuid = {559E482F-9DB9-4F2E-A510-190FF0F3EA31}
	EndGlobalSection
EndGlobal
